
Microsoft Visual Studio Solution File, Format Version 12.00
# Visual Studio Version 17
VisualStudioVersion = 17.8.34525.116
MinimumVisualStudioVersion = 10.0.40219.1
Project("{FAE04EC0-301F-11D3-BF4B-00C04F79EFBC}") = "SingalPageCrud", "SingalPageCrud\SingalPageCrud.csproj", "{34C7C8A1-2B2D-4A48-9F63-9B7FA9D4AF22}"
EndProject
Global
	GlobalSection(SolutionConfigurationPlatforms) = preSolution
		Debug|Any CPU = Debug|Any CPU
		Release|Any CPU = Release|Any CPU
	EndGlobalSection
	GlobalSection(ProjectConfigurationPlatforms) = postSolution
		{34C7C8A1-2B2D-4A48-9F63-9B7FA9D4AF22}.Debug|Any CPU.ActiveCfg = Debug|Any CPU
		{34C7C8A1-2B2D-4A48-9F63-9B7FA9D4AF22}.Debug|Any CPU.Build.0 = Debug|Any CPU
		{34C7C8A1-2B2D-4A48-9F63-9B7FA9D4AF22}.Release|Any CPU.ActiveCfg = Release|Any CPU
		{34C7C8A1-2B2D-4A48-9F63-9B7FA9D4AF22}.Release|Any CPU.Build.0 = Release|Any CPU
	EndGlobalSection
	GlobalSection(SolutionProperties) = preSolution
		HideSolutionNode = FALSE
	EndGlobalSection
	GlobalSection(ExtensibilityGlobals) = postSolution
		SolutionGuid = {7D0CB252-FFD6-4337-B5F8-4BFC79421303}
	EndGlobalSection
EndGlobal
